github.com/fluffy-melli/korcen-go v0.1.0 h1:TI3rStYX/nPWb1fNwUMcvchZWhtdxRFqTE5/zhJBl4Q=
github.com/fluffy-melli/korcen-go v0.1.0/go.mod h1:cclxwoGf9aauztGqW8gBVXnkRlHzXXG2TU9g2wZOhQ8=
github.com/fluffy-melli/korcen-go v0.7.0 h1:8MlfxR+e5/Y79XfagY6fZ1JyYievjBeBCkO6uQqfpoU=
github.com/fluffy-melli/korcen-go v0.7.0/go.mod h1:cL952GbuEyzsCAxsf7cZLUfPGR/hkTtsDyZePAXqdNw=
github.com/gyarang/gohangul v0.1.3 h1:UV5TCR2+XheNr+q79nJoHCzDyUow4Z/AmOqxZqm3SvQ=
github.com/gyarang/gohangul v0.1.3/go.mod h1:EzJMLXEkhFBcEgmMNklqj6vlZh+cBv4AzAcyz7KU2Mw=
