github.com/fluffy-melli/GradFlow v0.0.1 h1:seGe/ZADJIaisYzV+dm/W+7TnAz14YDxAejcme3mnYE=
github.com/fluffy-melli/GradFlow v0.0.1/go.mod h1:NpcL+1SgTUNNKF5cdIaTTSPFAyapVuzPG7O7Ag+wXUg=
github.com/fluffy-melli/GradFlow v0.0.2 h1:SPvJCtl0VZM0ynbTaNuVJQiCxw1huA0LzlQvFf+rhNQ=
github.com/fluffy-melli/GradFlow v0.0.2/go.mod h1:NpcL+1SgTUNNKF5cdIaTTSPFAyapVuzPG7O7Ag+wXUg=
github.com/fluffy-melli/korcen-go v1.0.2 h1:svrN7f1cUVxKgiP2jiDSrWr6skFMz3OlV7TbvzwwZTk=
github.com/fluffy-melli/korcen-go v1.0.2/go.mod h1:s6yddpCHLCtfuNohsvDaK7KM8Xk9EMRsRR6gYyajLmQ=
